
Microsoft Visual Studio Solution File, Format Version 12.00
# Visual Studio Version 17
VisualStudioVersion = 17.0.31903.59
MinimumVisualStudioVersion = 10.0.40219.1
Project("{9A19103F-16F7-4668-BE54-9A1E7A4F7556}") = "ScoreTracker.Web", "ScoreTracker.Web\ScoreTracker.Web.csproj", "{E2E0DB1F-2442-450D-B136-51D34B6685DE}"
EndProject
Project("{9A19103F-16F7-4668-BE54-9A1E7A4F7556}") = "ScoreTracker.Domain", "ScoreTracker.Domain\ScoreTracker.Domain.csproj", "{DAA6843B-2119-4FBE-8105-36D1C8B9E9F3}"
EndProject
Project("{9A19103F-16F7-4668-BE54-9A1E7A4F7556}") = "ScoreTracker.Application", "ScoreTracker.Application\ScoreTracker.Application.csproj", "{F142AE91-4FCA-4C51-B6A9-42783E174A0B}"
EndProject
Project("{9A19103F-16F7-4668-BE54-9A1E7A4F7556}") = "ScoreTracker.Mediation", "ScoreTracker.Mediation\ScoreTracker.Mediation.csproj", "{CB496621-25B3-40F2-8571-CC1D6C97D378}"
EndProject
Project("{2150E333-8FDC-42A3-9474-1A3956D46DE8}") = "Core", "Core", "{7CFEC6E4-40F4-4F46-8157-D1BEF37BC9C2}"
EndProject
Project("{2150E333-8FDC-42A3-9474-1A3956D46DE8}") = "Presentation", "Presentation", "{4DA16AB3-E730-414C-B1D9-BABB9F358FEE}"
EndProject
Project("{9A19103F-16F7-4668-BE54-9A1E7A4F7556}") = "ScoreTracker.UnitTests", "ScoreTracker.UnitTests\ScoreTracker.UnitTests.csproj", "{E61770AE-2793-4BC0-8B6D-8243A291DD1F}"
EndProject
Project("{2150E333-8FDC-42A3-9474-1A3956D46DE8}") = "Infrastructure", "Infrastructure", "{99735426-18D4-4A3E-84D3-93C591E84174}"
EndProject
Project("{FAE04EC0-301F-11D3-BF4B-00C04F79EFBC}") = "ScoreTracker.DataAccess", "ScoreTracker.DataAccess\ScoreTracker.DataAccess.csproj", "{235B3FDE-9900-49E9-906B-917942564839}"
EndProject
Project("{2150E333-8FDC-42A3-9474-1A3956D46DE8}") = "Tests", "Tests", "{C237171E-278A-48F4-A3A0-E538A50DB9E7}"
EndProject
Project("{FAE04EC0-301F-11D3-BF4B-00C04F79EFBC}") = "ScoreTracker.CompositionRoot", "ScoreTracker.CompositionRoot\ScoreTracker.CompositionRoot.csproj", "{0520EB24-B923-463A-A004-588CC5A59984}"
EndProject
Global
	GlobalSection(SolutionConfigurationPlatforms) = preSolution
		Debug|Any CPU = Debug|Any CPU
		Release|Any CPU = Release|Any CPU
	EndGlobalSection
	GlobalSection(ProjectConfigurationPlatforms) = postSolution
		{E2E0DB1F-2442-450D-B136-51D34B6685DE}.Debug|Any CPU.ActiveCfg = Debug|Any CPU
		{E2E0DB1F-2442-450D-B136-51D34B6685DE}.Debug|Any CPU.Build.0 = Debug|Any CPU
		{E2E0DB1F-2442-450D-B136-51D34B6685DE}.Release|Any CPU.ActiveCfg = Release|Any CPU
		{E2E0DB1F-2442-450D-B136-51D34B6685DE}.Release|Any CPU.Build.0 = Release|Any CPU
		{DAA6843B-2119-4FBE-8105-36D1C8B9E9F3}.Debug|Any CPU.ActiveCfg = Debug|Any CPU
		{DAA6843B-2119-4FBE-8105-36D1C8B9E9F3}.Debug|Any CPU.Build.0 = Debug|Any CPU
		{DAA6843B-2119-4FBE-8105-36D1C8B9E9F3}.Release|Any CPU.ActiveCfg = Release|Any CPU
		{DAA6843B-2119-4FBE-8105-36D1C8B9E9F3}.Release|Any CPU.Build.0 = Release|Any CPU
		{F142AE91-4FCA-4C51-B6A9-42783E174A0B}.Debug|Any CPU.ActiveCfg = Debug|Any CPU
		{F142AE91-4FCA-4C51-B6A9-42783E174A0B}.Debug|Any CPU.Build.0 = Debug|Any CPU
		{F142AE91-4FCA-4C51-B6A9-42783E174A0B}.Release|Any CPU.ActiveCfg = Release|Any CPU
		{F142AE91-4FCA-4C51-B6A9-42783E174A0B}.Release|Any CPU.Build.0 = Release|Any CPU
		{CB496621-25B3-40F2-8571-CC1D6C97D378}.Debug|Any CPU.ActiveCfg = Debug|Any CPU
		{CB496621-25B3-40F2-8571-CC1D6C97D378}.Debug|Any CPU.Build.0 = Debug|Any CPU
		{CB496621-25B3-40F2-8571-CC1D6C97D378}.Release|Any CPU.ActiveCfg = Release|Any CPU
		{CB496621-25B3-40F2-8571-CC1D6C97D378}.Release|Any CPU.Build.0 = Release|Any CPU
		{E61770AE-2793-4BC0-8B6D-8243A291DD1F}.Debug|Any CPU.ActiveCfg = Debug|Any CPU
		{E61770AE-2793-4BC0-8B6D-8243A291DD1F}.Debug|Any CPU.Build.0 = Debug|Any CPU
		{E61770AE-2793-4BC0-8B6D-8243A291DD1F}.Release|Any CPU.ActiveCfg = Release|Any CPU
		{E61770AE-2793-4BC0-8B6D-8243A291DD1F}.Release|Any CPU.Build.0 = Release|Any CPU
		{235B3FDE-9900-49E9-906B-917942564839}.Debug|Any CPU.ActiveCfg = Debug|Any CPU
		{235B3FDE-9900-49E9-906B-917942564839}.Debug|Any CPU.Build.0 = Debug|Any CPU
		{235B3FDE-9900-49E9-906B-917942564839}.Release|Any CPU.ActiveCfg = Release|Any CPU
		{235B3FDE-9900-49E9-906B-917942564839}.Release|Any CPU.Build.0 = Release|Any CPU
		{0520EB24-B923-463A-A004-588CC5A59984}.Debug|Any CPU.ActiveCfg = Debug|Any CPU
		{0520EB24-B923-463A-A004-588CC5A59984}.Debug|Any CPU.Build.0 = Debug|Any CPU
		{0520EB24-B923-463A-A004-588CC5A59984}.Release|Any CPU.ActiveCfg = Release|Any CPU
		{0520EB24-B923-463A-A004-588CC5A59984}.Release|Any CPU.Build.0 = Release|Any CPU
	EndGlobalSection
	GlobalSection(SolutionProperties) = preSolution
		HideSolutionNode = FALSE
	EndGlobalSection
	GlobalSection(NestedProjects) = preSolution
		{E2E0DB1F-2442-450D-B136-51D34B6685DE} = {4DA16AB3-E730-414C-B1D9-BABB9F358FEE}
		{DAA6843B-2119-4FBE-8105-36D1C8B9E9F3} = {7CFEC6E4-40F4-4F46-8157-D1BEF37BC9C2}
		{F142AE91-4FCA-4C51-B6A9-42783E174A0B} = {7CFEC6E4-40F4-4F46-8157-D1BEF37BC9C2}
		{CB496621-25B3-40F2-8571-CC1D6C97D378} = {7CFEC6E4-40F4-4F46-8157-D1BEF37BC9C2}
		{E61770AE-2793-4BC0-8B6D-8243A291DD1F} = {C237171E-278A-48F4-A3A0-E538A50DB9E7}
		{235B3FDE-9900-49E9-906B-917942564839} = {99735426-18D4-4A3E-84D3-93C591E84174}
		{0520EB24-B923-463A-A004-588CC5A59984} = {4DA16AB3-E730-414C-B1D9-BABB9F358FEE}
	EndGlobalSection
	GlobalSection(ExtensibilityGlobals) = postSolution
		SolutionGuid = {FC99CDCB-9219-4F81-AA70-510885182136}
	EndGlobalSection
EndGlobal
